
Microsoft Visual Studio Solution File, Format Version 12.00
# Visual Studio 14
VisualStudioVersion = 14.0.25420.1
MinimumVisualStudioVersion = 10.0.40219.1
Project("{FAE04EC0-301F-11D3-BF4B-00C04F79EFBC}") = "MMO", "MMO.csproj", "{DC7464C0-517F-4ACD-915B-717002635D7F}"
EndProject
Project("{FAE04EC0-301F-11D3-BF4B-00C04F79EFBC}") = "DebugClient", "..\DebugClient\DebugClient.csproj", "{0FAC8EC1-A8A7-4F16-B146-6D5C5A1CAA68}"
EndProject
Global
	GlobalSection(SolutionConfigurationPlatforms) = preSolution
		Debug|Any CPU = Debug|Any CPU
		Release|Any CPU = Release|Any CPU
	EndGlobalSection
	GlobalSection(ProjectConfigurationPlatforms) = postSolution
		{DC7464C0-517F-4ACD-915B-717002635D7F}.Debug|Any CPU.ActiveCfg = Debug|Any CPU
		{DC7464C0-517F-4ACD-915B-717002635D7F}.Debug|Any CPU.Build.0 = Debug|Any CPU
		{DC7464C0-517F-4ACD-915B-717002635D7F}.Release|Any CPU.ActiveCfg = Release|Any CPU
		{DC7464C0-517F-4ACD-915B-717002635D7F}.Release|Any CPU.Build.0 = Release|Any CPU
		{0FAC8EC1-A8A7-4F16-B146-6D5C5A1CAA68}.Debug|Any CPU.ActiveCfg = Debug|Any CPU
		{0FAC8EC1-A8A7-4F16-B146-6D5C5A1CAA68}.Debug|Any CPU.Build.0 = Debug|Any CPU
		{0FAC8EC1-A8A7-4F16-B146-6D5C5A1CAA68}.Release|Any CPU.ActiveCfg = Release|Any CPU
		{0FAC8EC1-A8A7-4F16-B146-6D5C5A1CAA68}.Release|Any CPU.Build.0 = Release|Any CPU
	EndGlobalSection
	GlobalSection(SolutionProperties) = preSolution
		HideSolutionNode = FALSE
	EndGlobalSection
EndGlobal
